
Microsoft Visual Studio Solution File, Format Version 12.00
# Visual Studio 15
VisualStudioVersion = 15.0.28010.2048
MinimumVisualStudioVersion = 10.0.40219.1
Project("{9A19103F-16F7-4668-BE54-9A1E7A4F7556}") = "MVCLearning", "MVCLearning\MVCLearning.csproj", "{E7DE66C0-3A91-4508-B91E-E174D3CFF8E9}"
EndProject
Global
	GlobalSection(SolutionConfigurationPlatforms) = preSolution
		Debug|Any CPU = Debug|Any CPU
		Release|Any CPU = Release|Any CPU
	EndGlobalSection
	GlobalSection(ProjectConfigurationPlatforms) = postSolution
		{E7DE66C0-3A91-4508-B91E-E174D3CFF8E9}.Debug|Any CPU.ActiveCfg = Debug|Any CPU
		{E7DE66C0-3A91-4508-B91E-E174D3CFF8E9}.Debug|Any CPU.Build.0 = Debug|Any CPU
		{E7DE66C0-3A91-4508-B91E-E174D3CFF8E9}.Release|Any CPU.ActiveCfg = Release|Any CPU
		{E7DE66C0-3A91-4508-B91E-E174D3CFF8E9}.Release|Any CPU.Build.0 = Release|Any CPU
	EndGlobalSection
	GlobalSection(SolutionProperties) = preSolution
		HideSolutionNode = FALSE
	EndGlobalSection
	GlobalSection(ExtensibilityGlobals) = postSolution
		SolutionGuid = {6960CD68-D428-4C9F-A9ED-6524565C8118}
	EndGlobalSection
EndGlobal
